
Microsoft Visual Studio Solution File, Format Version 12.00
# Visual Studio Version 17
VisualStudioVersion = 17.14.37216.2 d17.14
MinimumVisualStudioVersion = 10.0.40219.1
Project("{FAE04EC0-301F-11D3-BF4B-00C04F79EFBC}") = "Infrastructura", "Infrastructura\Infrastructura.csproj", "{34750EFD-11FD-9D5C-721D-D33B3157840D}"
EndProject
Project("{FAE04EC0-301F-11D3-BF4B-00C04F79EFBC}") = "LogicaAplicacion", "LogicaAplicacion\LogicaAplicacion.csproj", "{682D20A1-B540-0AEE-5EA3-9927D16CC2E0}"
EndProject
Project("{FAE04EC0-301F-11D3-BF4B-00C04F79EFBC}") = "LogicaNegocio", "LogicaNegocio\LogicaNegocio.csproj", "{1F36571E-FAA9-4986-7183-EA48C158BB4C}"
EndProject
Project("{FAE04EC0-301F-11D3-BF4B-00C04F79EFBC}") = "MyTracker", "MyTracker\MyTracker.csproj", "{6E4D4FA1-307C-2760-D56B-C2F725949650}"
EndProject
Project("{2150E333-8FDC-42A3-9474-1A3956D46DE8}") = "Solution Items", "Solution Items", "{8EC462FD-D22E-90A8-E5CE-7E832BA40C5D}"
	ProjectSection(SolutionItems) = preProject
		railpack.toml = railpack.toml
	EndProjectSection
EndProject
Global
	GlobalSection(SolutionConfigurationPlatforms) = preSolution
		Debug|Any CPU = Debug|Any CPU
		Release|Any CPU = Release|Any CPU
	EndGlobalSection
	GlobalSection(ProjectConfigurationPlatforms) = postSolution
		{34750EFD-11FD-9D5C-721D-D33B3157840D}.Debug|Any CPU.ActiveCfg = Debug|Any CPU
		{34750EFD-11FD-9D5C-721D-D33B3157840D}.Debug|Any CPU.Build.0 = Debug|Any CPU
		{34750EFD-11FD-9D5C-721D-D33B3157840D}.Release|Any CPU.ActiveCfg = Release|Any CPU
		{34750EFD-11FD-9D5C-721D-D33B3157840D}.Release|Any CPU.Build.0 = Release|Any CPU
		{682D20A1-B540-0AEE-5EA3-9927D16CC2E0}.Debug|Any CPU.ActiveCfg = Debug|Any CPU
		{682D20A1-B540-0AEE-5EA3-9927D16CC2E0}.Debug|Any CPU.Build.0 = Debug|Any CPU
		{682D20A1-B540-0AEE-5EA3-9927D16CC2E0}.Release|Any CPU.ActiveCfg = Release|Any CPU
		{682D20A1-B540-0AEE-5EA3-9927D16CC2E0}.Release|Any CPU.Build.0 = Release|Any CPU
		{1F36571E-FAA9-4986-7183-EA48C158BB4C}.Debug|Any CPU.ActiveCfg = Debug|Any CPU
		{1F36571E-FAA9-4986-7183-EA48C158BB4C}.Debug|Any CPU.Build.0 = Debug|Any CPU
		{1F36571E-FAA9-4986-7183-EA48C158BB4C}.Release|Any CPU.ActiveCfg = Release|Any CPU
		{1F36571E-FAA9-4986-7183-EA48C158BB4C}.Release|Any CPU.Build.0 = Release|Any CPU
		{6E4D4FA1-307C-2760-D56B-C2F725949650}.Debug|Any CPU.ActiveCfg = Debug|Any CPU
		{6E4D4FA1-307C-2760-D56B-C2F725949650}.Debug|Any CPU.Build.0 = Debug|Any CPU
		{6E4D4FA1-307C-2760-D56B-C2F725949650}.Release|Any CPU.ActiveCfg = Release|Any CPU
		{6E4D4FA1-307C-2760-D56B-C2F725949650}.Release|Any CPU.Build.0 = Release|Any CPU
	EndGlobalSection
	GlobalSection(SolutionProperties) = preSolution
		HideSolutionNode = FALSE
	EndGlobalSection
	GlobalSection(ExtensibilityGlobals) = postSolution
		SolutionGuid = {0DE362C4-F3D5-4B42-A8C9-EB65963E1821}
	EndGlobalSection
EndGlobal
